
Microsoft Visual Studio Solution File, Format Version 9.00
# Visual Studio 2005
Project("{8BC9CEB8-8B4A-11D0-8D11-00A0C91BC942}") = "bathroom_lc", "bathroom_lc.vcproj", "{F6E7757B-7322-4A25-94B7-E84098829255}"
EndProject
Global
	GlobalSection(SolutionConfigurationPlatforms) = preSolution
		Debug|Win32 = Debug|Win32
		Release|Win32 = Release|Win32
	EndGlobalSection
	GlobalSection(ProjectConfigurationPlatforms) = postSolution
		{F6E7757B-7322-4A25-94B7-E84098829255}.Debug|Win32.ActiveCfg = Debug|Win32
		{F6E7757B-7322-4A25-94B7-E84098829255}.Debug|Win32.Build.0 = Debug|Win32
		{F6E7757B-7322-4A25-94B7-E84098829255}.Release|Win32.ActiveCfg = Release|Win32
		{F6E7757B-7322-4A25-94B7-E84098829255}.Release|Win32.Build.0 = Release|Win32
	EndGlobalSection
	GlobalSection(SolutionProperties) = preSolution
		HideSolutionNode = FALSE
	EndGlobalSection
EndGlobal
